// !$*UTF8*$!
{
	archiveVersion = 1;
	classes = {
	};
	objectVersion = 46;
	objects = {

/* Begin PBXBuildFile section */
		BD0A1EB51F51CEBA00D319A4 /* Login.swift in Sources */ = {isa = PBXBuildFile; fileRef = BD0A1EB41F51CEBA00D319A4 /* Login.swift */; };
		BD2CD3251F215BFF005B57CF /* sisukan.jpeg in Resources */ = {isa = PBXBuildFile; fileRef = BD2CD3241F215BFF005B57CF /* sisukan.jpeg */; };
		BD2CD3271F215C05005B57CF /* chibalabo.jpg in Resources */ = {isa = PBXBuildFile; fileRef = BD2CD3261F215C05005B57CF /* chibalabo.jpg */; };
		BD43DD411EEFF5AC00EF703B /* cardrush.jpg in Resources */ = {isa = PBXBuildFile; fileRef = BD43DD401EEFF5AC00EF703B /* cardrush.jpg */; };
		BD43DD431EEFF68400EF703B /* spiral.jpeg in Resources */ = {isa = PBXBuildFile; fileRef = BD43DD421EEFF68400EF703B /* spiral.jpeg */; };
		BD43DD491EF0D58B00EF703B /* chibakan.jpeg in Resources */ = {isa = PBXBuildFile; fileRef = BD43DD481EF0D58B00EF703B /* chibakan.jpeg */; };
		BD4EDD321F5BD86B0063C24B /* registration.swift in Sources */ = {isa = PBXBuildFile; fileRef = BD4EDD311F5BD86B0063C24B /* registration.swift */; };
		BD67EFC81F4B492A00541106 /* sendReview.swift in Sources */ = {isa = PBXBuildFile; fileRef = BD67EFC71F4B492A00541106 /* sendReview.swift */; };
		BD6A82C21EEAB08A00E69CFA /* AppDelegate.swift in Sources */ = {isa = PBXBuildFile; fileRef = BD6A82C11EEAB08A00E69CFA /* AppDelegate.swift */; };
		BD6A82C41EEAB08A00E69CFA /* ViewController.swift in Sources */ = {isa = PBXBuildFile; fileRef = BD6A82C31EEAB08A00E69CFA /* ViewController.swift */; };
		BD6A82C71EEAB08A00E69CFA /* Main.storyboard in Resources */ = {isa = PBXBuildFile; fileRef = BD6A82C51EEAB08A00E69CFA /* Main.storyboard */; };
		BD6A82C91EEAB08A00E69CFA /* Assets.xcassets in Resources */ = {isa = PBXBuildFile; fileRef = BD6A82C81EEAB08A00E69CFA /* Assets.xcassets */; };
		BD6A82CC1EEAB08A00E69CFA /* LaunchScreen.storyboard in Resources */ = {isa = PBXBuildFile; fileRef = BD6A82CA1EEAB08A00E69CFA /* LaunchScreen.storyboard */; };
		BD6A82D71EEAB08A00E69CFA /* YugiohMapTests.swift in Sources */ = {isa = PBXBuildFile; fileRef = BD6A82D61EEAB08A00E69CFA /* YugiohMapTests.swift */; };
		BD6A82E21EEAB08A00E69CFA /* YugiohMapUITests.swift in Sources */ = {isa = PBXBuildFile; fileRef = BD6A82E11EEAB08A00E69CFA /* YugiohMapUITests.swift */; };
		BD93F5881F38B61200264AAC /* ImportData.swift in Sources */ = {isa = PBXBuildFile; fileRef = BD93F5871F38B61200264AAC /* ImportData.swift */; };
		BD968B601F317872007915D0 /* Twitter.framework in Frameworks */ = {isa = PBXBuildFile; fileRef = BD968B5F1F317872007915D0 /* Twitter.framework */; };
		BDA65DE41F2CB1FB00CAE619 /* ln.jpeg in Resources */ = {isa = PBXBuildFile; fileRef = BDA65DDC1F2CB1FB00CAE619 /* ln.jpeg */; };
		BDA65DE51F2CB1FB00CAE619 /* ln2.jpg in Resources */ = {isa = PBXBuildFile; fileRef = BDA65DDD1F2CB1FB00CAE619 /* ln2.jpg */; };
		BDA65DE61F2CB1FB00CAE619 /* toreja.jpeg in Resources */ = {isa = PBXBuildFile; fileRef = BDA65DDE1F2CB1FB00CAE619 /* toreja.jpeg */; };
		BDA65DE71F2CB1FB00CAE619 /* ysn.jpg in Resources */ = {isa = PBXBuildFile; fileRef = BDA65DDF1F2CB1FB00CAE619 /* ysn.jpg */; };
		BDA65DE81F2CB1FB00CAE619 /* ysn3.jpeg in Resources */ = {isa = PBXBuildFile; fileRef = BDA65DE01F2CB1FB00CAE619 /* ysn3.jpeg */; };
		BDA65DE91F2CB1FB00CAE619 /* karuto.jpeg in Resources */ = {isa = PBXBuildFile; fileRef = BDA65DE11F2CB1FB00CAE619 /* karuto.jpeg */; };
		BDA65DEA1F2CB1FB00CAE619 /* da.jpeg in Resources */ = {isa = PBXBuildFile; fileRef = BDA65DE21F2CB1FB00CAE619 /* da.jpeg */; };
		BDA65DEB1F2CB1FB00CAE619 /* bgn.jpeg in Resources */ = {isa = PBXBuildFile; fileRef = BDA65DE31F2CB1FB00CAE619 /* bgn.jpeg */; };
		BDA65DED1F2CB32000CAE619 /* doukutu.jpeg in Resources */ = {isa = PBXBuildFile; fileRef = BDA65DEC1F2CB32000CAE619 /* doukutu.jpeg */; };
		BDA65DEF1F2CB32600CAE619 /* ltd.jpeg in Resources */ = {isa = PBXBuildFile; fileRef = BDA65DEE1F2CB32600CAE619 /* ltd.jpeg */; };
		BDAC4FFB1F31DDB6001560D0 /* GoogleService-Info.plist in Resources */ = {isa = PBXBuildFile; fileRef = BDAC4FFA1F31DDB6001560D0 /* GoogleService-Info.plist */; };
		BDC53B811F16950800827453 /* Detail.swift in Sources */ = {isa = PBXBuildFile; fileRef = BDC53B801F16950800827453 /* Detail.swift */; };
		BDFEECF11EF6BDB6001A4B85 /* CoreLocation.framework in Frameworks */ = {isa = PBXBuildFile; fileRef = BDFEECF01EF6BDB6001A4B85 /* CoreLocation.framework */; };
		FEE46C3B57DDA4666F6D0DF8 /* Pods_YugiohShops.framework in Frameworks */ = {isa = PBXBuildFile; fileRef = DC627C46F4EA424391622D77 /* Pods_YugiohShops.framework */; };
/* End PBXBuildFile section */

/* Begin PBXContainerItemProxy section */
		BD6A82D31EEAB08A00E69CFA /* PBXContainerItemProxy */ = {
			isa = PBXContainerItemProxy;
			containerPortal = BD6A82B61EEAB08A00E69CFA /* Project object */;
			proxyType = 1;
			remoteGlobalIDString = BD6A82BD1EEAB08A00E69CFA;
			remoteInfo = YugiohMap;
		};
		BD6A82DE1EEAB08A00E69CFA /* PBXContainerItemProxy */ = {
			isa = PBXContainerItemProxy;
			containerPortal = BD6A82B61EEAB08A00E69CFA /* Project object */;
			proxyType = 1;
			remoteGlobalIDString = BD6A82BD1EEAB08A00E69CFA;
			remoteInfo = YugiohMap;
		};
/* End PBXContainerItemProxy section */

/* Begin PBXFileReference section */
		01A43D111BC309CBD13DECC6 /* Pods-YugiohShops.release.xcconfig */ = {isa = PBXFileReference; includeInIndex = 1; lastKnownFileType = text.xcconfig; name = "Pods-YugiohShops.release.xcconfig"; path = "Pods/Target Support Files/Pods-YugiohShops/Pods-YugiohShops.release.xcconfig"; sourceTree = "<group>"; };
		36C0F6B7BBF05CF95FAEBD77 /* Pods_YugiohShopsTests.framework */ = {isa = PBXFileReference; explicitFileType = wrapper.framework; includeInIndex = 0; path = Pods_YugiohShopsTests.framework; sourceTree = BUILT_PRODUCTS_DIR; };
		8EE82E06079588A115F22B99 /* Pods-YugiohShops.debug.xcconfig */ = {isa = PBXFileReference; includeInIndex = 1; lastKnownFileType = text.xcconfig; name = "Pods-YugiohShops.debug.xcconfig"; path = "Pods/Target Support Files/Pods-YugiohShops/Pods-YugiohShops.debug.xcconfig"; sourceTree = "<group>"; };
		BD0A1EB41F51CEBA00D319A4 /* Login.swift */ = {isa = PBXFileReference; fileEncoding = 4; lastKnownFileType = sourcecode.swift; path = Login.swift; sourceTree = "<group>"; };
		BD2CD3241F215BFF005B57CF /* sisukan.jpeg */ = {isa = PBXFileReference; lastKnownFileType = image.jpeg; path = sisukan.jpeg; sourceTree = "<group>"; };
		BD2CD3261F215C05005B57CF /* chibalabo.jpg */ = {isa = PBXFileReference; lastKnownFileType = image.jpeg; path = chibalabo.jpg; sourceTree = "<group>"; };
		BD43DD401EEFF5AC00EF703B /* cardrush.jpg */ = {isa = PBXFileReference; lastKnownFileType = image.jpeg; path = cardrush.jpg; sourceTree = "<group>"; };
		BD43DD421EEFF68400EF703B /* spiral.jpeg */ = {isa = PBXFileReference; lastKnownFileType = image.jpeg; path = spiral.jpeg; sourceTree = "<group>"; };
		BD43DD481EF0D58B00EF703B /* chibakan.jpeg */ = {isa = PBXFileReference; lastKnownFileType = image.jpeg; path = chibakan.jpeg; sourceTree = "<group>"; };
		BD4EDD311F5BD86B0063C24B /* registration.swift */ = {isa = PBXFileReference; fileEncoding = 4; lastKnownFileType = sourcecode.swift; path = registration.swift; sourceTree = "<group>"; };
		BD50CEBE1F317195009CEF0D /* GoogleToolboxForMac.framework */ = {isa = PBXFileReference; lastKnownFileType = wrapper.framework; name = GoogleToolboxForMac.framework; path = "../../Library/Developer/Xcode/DerivedData/YugiohShops-codjxbqauxkctbaokalfbykheycu/Build/Products/Debug-iphoneos/GoogleToolboxForMac/GoogleToolboxForMac.framework"; sourceTree = "<group>"; };
		BD50CEC01F31719B009CEF0D /* nanopb.framework */ = {isa = PBXFileReference; lastKnownFileType = wrapper.framework; name = nanopb.framework; path = "../../Library/Developer/Xcode/DerivedData/YugiohShops-codjxbqauxkctbaokalfbykheycu/Build/Products/Debug-iphoneos/nanopb/nanopb.framework"; sourceTree = "<group>"; };
		BD5473411F31778600BB791C /* GTMSessionFetcher.framework */ = {isa = PBXFileReference; lastKnownFileType = wrapper.framework; name = GTMSessionFetcher.framework; path = "../../Library/Developer/Xcode/DerivedData/YugiohShops-codjxbqauxkctbaokalfbykheycu/Build/Products/Debug-iphoneos/GTMSessionFetcher/GTMSessionFetcher.framework"; sourceTree = "<group>"; };
		BD67EFC71F4B492A00541106 /* sendReview.swift */ = {isa = PBXFileReference; fileEncoding = 4; lastKnownFileType = sourcecode.swift; path = sendReview.swift; sourceTree = "<group>"; };
		BD6A82BE1EEAB08A00E69CFA /* YugiohShops.app */ = {isa = PBXFileReference; explicitFileType = wrapper.application; includeInIndex = 0; path = YugiohShops.app; sourceTree = BUILT_PRODUCTS_DIR; };
		BD6A82C11EEAB08A00E69CFA /* AppDelegate.swift */ = {isa = PBXFileReference; lastKnownFileType = sourcecode.swift; path = AppDelegate.swift; sourceTree = "<group>"; };
		BD6A82C31EEAB08A00E69CFA /* ViewController.swift */ = {isa = PBXFileReference; lastKnownFileType = sourcecode.swift; path = ViewController.swift; sourceTree = "<group>"; };
		BD6A82C61EEAB08A00E69CFA /* Base */ = {isa = PBXFileReference; lastKnownFileType = file.storyboard; name = Base; path = Base.lproj/Main.storyboard; sourceTree = "<group>"; };
		BD6A82C81EEAB08A00E69CFA /* Assets.xcassets */ = {isa = PBXFileReference; lastKnownFileType = folder.assetcatalog; path = Assets.xcassets; sourceTree = "<group>"; };
		BD6A82CB1EEAB08A00E69CFA /* Base */ = {isa = PBXFileReference; lastKnownFileType = file.storyboard; name = Base; path = Base.lproj/LaunchScreen.storyboard; sourceTree = "<group>"; };
		BD6A82CD1EEAB08A00E69CFA /* Info.plist */ = {isa = PBXFileReference; lastKnownFileType = text.plist.xml; path = Info.plist; sourceTree = "<group>"; };
		BD6A82D21EEAB08A00E69CFA /* YugiohShopsTests.xctest */ = {isa = PBXFileReference; explicitFileType = wrapper.cfbundle; includeInIndex = 0; path = YugiohShopsTests.xctest; sourceTree = BUILT_PRODUCTS_DIR; };
		BD6A82D61EEAB08A00E69CFA /* YugiohMapTests.swift */ = {isa = PBXFileReference; lastKnownFileType = sourcecode.swift; path = YugiohMapTests.swift; sourceTree = "<group>"; };
		BD6A82D81EEAB08A00E69CFA /* Info.plist */ = {isa = PBXFileReference; lastKnownFileType = text.plist.xml; path = Info.plist; sourceTree = "<group>"; };
		BD6A82DD1EEAB08A00E69CFA /* YugiohShopsUITests.xctest */ = {isa = PBXFileReference; explicitFileType = wrapper.cfbundle; includeInIndex = 0; path = YugiohShopsUITests.xctest; sourceTree = BUILT_PRODUCTS_DIR; };
		BD6A82E11EEAB08A00E69CFA /* YugiohMapUITests.swift */ = {isa = PBXFileReference; lastKnownFileType = sourcecode.swift; path = YugiohMapUITests.swift; sourceTree = "<group>"; };
		BD6A82E31EEAB08A00E69CFA /* Info.plist */ = {isa = PBXFileReference; lastKnownFileType = text.plist.xml; path = Info.plist; sourceTree = "<group>"; };
		BD93F5871F38B61200264AAC /* ImportData.swift */ = {isa = PBXFileReference; fileEncoding = 4; lastKnownFileType = sourcecode.swift; path = ImportData.swift; sourceTree = "<group>"; };
		BD968B5F1F317872007915D0 /* Twitter.framework */ = {isa = PBXFileReference; lastKnownFileType = wrapper.framework; name = Twitter.framework; path = System/Library/Frameworks/Twitter.framework; sourceTree = SDKROOT; };
		BDA65DDC1F2CB1FB00CAE619 /* ln.jpeg */ = {isa = PBXFileReference; lastKnownFileType = image.jpeg; path = ln.jpeg; sourceTree = "<group>"; };
		BDA65DDD1F2CB1FB00CAE619 /* ln2.jpg */ = {isa = PBXFileReference; lastKnownFileType = image.jpeg; path = ln2.jpg; sourceTree = "<group>"; };
		BDA65DDE1F2CB1FB00CAE619 /* toreja.jpeg */ = {isa = PBXFileReference; lastKnownFileType = image.jpeg; path = toreja.jpeg; sourceTree = "<group>"; };
		BDA65DDF1F2CB1FB00CAE619 /* ysn.jpg */ = {isa = PBXFileReference; lastKnownFileType = image.jpeg; path = ysn.jpg; sourceTree = "<group>"; };
		BDA65DE01F2CB1FB00CAE619 /* ysn3.jpeg */ = {isa = PBXFileReference; lastKnownFileType = image.jpeg; path = ysn3.jpeg; sourceTree = "<group>"; };
		BDA65DE11F2CB1FB00CAE619 /* karuto.jpeg */ = {isa = PBXFileReference; lastKnownFileType = image.jpeg; path = karuto.jpeg; sourceTree = "<group>"; };
		BDA65DE21F2CB1FB00CAE619 /* da.jpeg */ = {isa = PBXFileReference; lastKnownFileType = image.jpeg; path = da.jpeg; sourceTree = "<group>"; };
		BDA65DE31F2CB1FB00CAE619 /* bgn.jpeg */ = {isa = PBXFileReference; lastKnownFileType = image.jpeg; path = bgn.jpeg; sourceTree = "<group>"; };
		BDA65DEC1F2CB32000CAE619 /* doukutu.jpeg */ = {isa = PBXFileReference; lastKnownFileType = image.jpeg; path = doukutu.jpeg; sourceTree = "<group>"; };
		BDA65DEE1F2CB32600CAE619 /* ltd.jpeg */ = {isa = PBXFileReference; lastKnownFileType = image.jpeg; path = ltd.jpeg; sourceTree = "<group>"; };
		BDA65DF01F30C64600CAE619 /* TT-UDReiminPro-Regular.ttf */ = {isa = PBXFileReference; lastKnownFileType = file; path = "TT-UDReiminPro-Regular.ttf"; sourceTree = "<group>"; };
		BDA65DF11F30C91D00CAE619 /* TT-A1MinchoStd-Bold.ttf */ = {isa = PBXFileReference; lastKnownFileType = file; path = "TT-A1MinchoStd-Bold.ttf"; sourceTree = "<group>"; };
		BDAC4FFA1F31DDB6001560D0 /* GoogleService-Info.plist */ = {isa = PBXFileReference; fileEncoding = 4; lastKnownFileType = text.plist.xml; path = "GoogleService-Info.plist"; sourceTree = "<group>"; };
		BDC53B801F16950800827453 /* Detail.swift */ = {isa = PBXFileReference; fileEncoding = 4; lastKnownFileType = sourcecode.swift; path = Detail.swift; sourceTree = "<group>"; };
		BDFEECF01EF6BDB6001A4B85 /* CoreLocation.framework */ = {isa = PBXFileReference; lastKnownFileType = wrapper.framework; name = CoreLocation.framework; path = System/Library/Frameworks/CoreLocation.framework; sourceTree = SDKROOT; };
		DC627C46F4EA424391622D77 /* Pods_YugiohShops.framework */ = {isa = PBXFileReference; explicitFileType = wrapper.framework; includeInIndex = 0; path = Pods_YugiohShops.framework; sourceTree = BUILT_PRODUCTS_DIR; };
/* End PBXFileReference section */

/* Begin PBXFrameworksBuildPhase section */
		BD6A82BB1EEAB08A00E69CFA /* Frameworks */ = {
			isa = PBXFrameworksBuildPhase;
			buildActionMask = 2147483647;
			files = (
				BD968B601F317872007915D0 /* Twitter.framework in Frameworks */,
				BDFEECF11EF6BDB6001A4B85 /* CoreLocation.framework in Frameworks */,
				FEE46C3B57DDA4666F6D0DF8 /* Pods_YugiohShops.framework in Frameworks */,
			);
			runOnlyForDeploymentPostprocessing = 0;
		};
		BD6A82CF1EEAB08A00E69CFA /* Frameworks */ = {
			isa = PBXFrameworksBuildPhase;
			buildActionMask = 2147483647;
			files = (
			);
			runOnlyForDeploymentPostprocessing = 0;
		};
		BD6A82DA1EEAB08A00E69CFA /* Frameworks */ = {
			isa = PBXFrameworksBuildPhase;
			buildActionMask = 2147483647;
			files = (
			);
			runOnlyForDeploymentPostprocessing = 0;
		};
/* End PBXFrameworksBuildPhase section */

/* Begin PBXGroup section */
		BD6A82B51EEAB08A00E69CFA = {
			isa = PBXGroup;
			children = (
				BD6A82C01EEAB08A00E69CFA /* YugiohMap */,
				BD6A82D51EEAB08A00E69CFA /* YugiohMapTests */,
				BD6A82E01EEAB08A00E69CFA /* YugiohMapUITests */,
				BD6A82BF1EEAB08A00E69CFA /* Products */,
				BDFEECEF1EF6BDB5001A4B85 /* Frameworks */,
				CFC96581A20B9FABB7012865 /* Pods */,
			);
			sourceTree = "<group>";
		};
		BD6A82BF1EEAB08A00E69CFA /* Products */ = {
			isa = PBXGroup;
			children = (
				BD6A82BE1EEAB08A00E69CFA /* YugiohShops.app */,
				BD6A82D21EEAB08A00E69CFA /* YugiohShopsTests.xctest */,
				BD6A82DD1EEAB08A00E69CFA /* YugiohShopsUITests.xctest */,
			);
			name = Products;
			sourceTree = "<group>";
		};
		BD6A82C01EEAB08A00E69CFA /* YugiohMap */ = {
			isa = PBXGroup;
			children = (
				BD6A82C11EEAB08A00E69CFA /* AppDelegate.swift */,
				BD0A1EB41F51CEBA00D319A4 /* Login.swift */,
				BD4EDD311F5BD86B0063C24B /* registration.swift */,
				BD6A82C31EEAB08A00E69CFA /* ViewController.swift */,
				BD93F5871F38B61200264AAC /* ImportData.swift */,
				BDC53B801F16950800827453 /* Detail.swift */,
				BD67EFC71F4B492A00541106 /* sendReview.swift */,
				BD6A82C51EEAB08A00E69CFA /* Main.storyboard */,
				BD6A82C81EEAB08A00E69CFA /* Assets.xcassets */,
				BD6A82CA1EEAB08A00E69CFA /* LaunchScreen.storyboard */,
				BD6A82CD1EEAB08A00E69CFA /* Info.plist */,
				BDAC4FFA1F31DDB6001560D0 /* GoogleService-Info.plist */,
			);
			path = YugiohMap;
			sourceTree = "<group>";
		};
		BD6A82D51EEAB08A00E69CFA /* YugiohMapTests */ = {
			isa = PBXGroup;
			children = (
				BD6A82D61EEAB08A00E69CFA /* YugiohMapTests.swift */,
				BD6A82D81EEAB08A00E69CFA /* Info.plist */,
			);
			path = YugiohMapTests;
			sourceTree = "<group>";
		};
		BD6A82E01EEAB08A00E69CFA /* YugiohMapUITests */ = {
			isa = PBXGroup;
			children = (
				BD6A82E11EEAB08A00E69CFA /* YugiohMapUITests.swift */,
				BD6A82E31EEAB08A00E69CFA /* Info.plist */,
			);
			path = YugiohMapUITests;
			sourceTree = "<group>";
		};
		BDFEECEF1EF6BDB5001A4B85 /* Frameworks */ = {
			isa = PBXGroup;
			children = (
				BD968B5F1F317872007915D0 /* Twitter.framework */,
				BD5473411F31778600BB791C /* GTMSessionFetcher.framework */,
				BD50CEC01F31719B009CEF0D /* nanopb.framework */,
				BD50CEBE1F317195009CEF0D /* GoogleToolboxForMac.framework */,
				BDA65DDC1F2CB1FB00CAE619 /* ln.jpeg */,
				BD43DD481EF0D58B00EF703B /* chibakan.jpeg */,
				BD43DD401EEFF5AC00EF703B /* cardrush.jpg */,
				BD2CD3241F215BFF005B57CF /* sisukan.jpeg */,
				BD43DD421EEFF68400EF703B /* spiral.jpeg */,
				BDA65DDD1F2CB1FB00CAE619 /* ln2.jpg */,
				BD2CD3261F215C05005B57CF /* chibalabo.jpg */,
				BDA65DDE1F2CB1FB00CAE619 /* toreja.jpeg */,
				BDA65DDF1F2CB1FB00CAE619 /* ysn.jpg */,
				BDA65DE01F2CB1FB00CAE619 /* ysn3.jpeg */,
				BDA65DE11F2CB1FB00CAE619 /* karuto.jpeg */,
				BDA65DE21F2CB1FB00CAE619 /* da.jpeg */,
				BDA65DEE1F2CB32600CAE619 /* ltd.jpeg */,
				BDA65DEC1F2CB32000CAE619 /* doukutu.jpeg */,
				BDA65DE31F2CB1FB00CAE619 /* bgn.jpeg */,
				BDA65DF01F30C64600CAE619 /* TT-UDReiminPro-Regular.ttf */,
				BDA65DF11F30C91D00CAE619 /* TT-A1MinchoStd-Bold.ttf */,
				BDFEECF01EF6BDB6001A4B85 /* CoreLocation.framework */,
				DC627C46F4EA424391622D77 /* Pods_YugiohShops.framework */,
				36C0F6B7BBF05CF95FAEBD77 /* Pods_YugiohShopsTests.framework */,
			);
			name = Frameworks;
			sourceTree = "<group>";
		};
		CFC96581A20B9FABB7012865 /* Pods */ = {
			isa = PBXGroup;
			children = (
				8EE82E06079588A115F22B99 /* Pods-YugiohShops.debug.xcconfig */,
				01A43D111BC309CBD13DECC6 /* Pods-YugiohShops.release.xcconfig */,
			);
			name = Pods;
			sourceTree = "<group>";
		};
/* End PBXGroup section */

/* Begin PBXNativeTarget section */
		BD6A82BD1EEAB08A00E69CFA /* YugiohShops */ = {
			isa = PBXNativeTarget;
			buildConfigurationList = BD6A82E61EEAB08A00E69CFA /* Build configuration list for PBXNativeTarget "YugiohShops" */;
			buildPhases = (
				D14CDFEA665BE8BBB3175F90 /* [CP] Check Pods Manifest.lock */,
				BD6A82BA1EEAB08A00E69CFA /* Sources */,
				BD6A82BB1EEAB08A00E69CFA /* Frameworks */,
				BD6A82BC1EEAB08A00E69CFA /* Resources */,
				875CC90382FD3D75FF74C27A /* [CP] Embed Pods Frameworks */,
				F7F0C3A2EC9871B2DFFED8EC /* [CP] Copy Pods Resources */,
			);
			buildRules = (
			);
			dependencies = (
			);
			name = YugiohShops;
			productName = YugiohMap;
			productReference = BD6A82BE1EEAB08A00E69CFA /* YugiohShops.app */;
			productType = "com.apple.product-type.application";
		};
		BD6A82D11EEAB08A00E69CFA /* YugiohShopsTests */ = {
			isa = PBXNativeTarget;
			buildConfigurationList = BD6A82E91EEAB08A00E69CFA /* Build configuration list for PBXNativeTarget "YugiohShopsTests" */;
			buildPhases = (
				BD6A82CE1EEAB08A00E69CFA /* Sources */,
				BD6A82CF1EEAB08A00E69CFA /* Frameworks */,
				BD6A82D01EEAB08A00E69CFA /* Resources */,
			);
			buildRules = (
			);
			dependencies = (
				BD6A82D41EEAB08A00E69CFA /* PBXTargetDependency */,
			);
			name = YugiohShopsTests;
			productName = YugiohMapTests;
			productReference = BD6A82D21EEAB08A00E69CFA /* YugiohShopsTests.xctest */;
			productType = "com.apple.product-type.bundle.unit-test";
		};
		BD6A82DC1EEAB08A00E69CFA /* YugiohShopsUITests */ = {
			isa = PBXNativeTarget;
			buildConfigurationList = BD6A82EC1EEAB08A00E69CFA /* Build configuration list for PBXNativeTarget "YugiohShopsUITests" */;
			buildPhases = (
				BD6A82D91EEAB08A00E69CFA /* Sources */,
				BD6A82DA1EEAB08A00E69CFA /* Frameworks */,
				BD6A82DB1EEAB08A00E69CFA /* Resources */,
			);
			buildRules = (
			);
			dependencies = (
				BD6A82DF1EEAB08A00E69CFA /* PBXTargetDependency */,
			);
			name = YugiohShopsUITests;
			productName = YugiohMapUITests;
			productReference = BD6A82DD1EEAB08A00E69CFA /* YugiohShopsUITests.xctest */;
			productType = "com.apple.product-type.bundle.ui-testing";
		};
/* End PBXNativeTarget section */

/* Begin PBXProject section */
		BD6A82B61EEAB08A00E69CFA /* Project object */ = {
			isa = PBXProject;
			attributes = {
				LastSwiftUpdateCheck = 0830;
				LastUpgradeCheck = 0830;
				ORGANIZATIONNAME = "Syunya Toyofuku";
				TargetAttributes = {
					BD6A82BD1EEAB08A00E69CFA = {
						CreatedOnToolsVersion = 8.3.2;
						DevelopmentTeam = V5B67AWSPA;
						ProvisioningStyle = Automatic;
					};
					BD6A82D11EEAB08A00E69CFA = {
						CreatedOnToolsVersion = 8.3.2;
						DevelopmentTeam = V5B67AWSPA;
						ProvisioningStyle = Automatic;
						TestTargetID = BD6A82BD1EEAB08A00E69CFA;
					};
					BD6A82DC1EEAB08A00E69CFA = {
						CreatedOnToolsVersion = 8.3.2;
						DevelopmentTeam = V5B67AWSPA;
						ProvisioningStyle = Automatic;
						TestTargetID = BD6A82BD1EEAB08A00E69CFA;
					};
				};
			};
			buildConfigurationList = BD6A82B91EEAB08A00E69CFA /* Build configuration list for PBXProject "YugiohShops" */;
			compatibilityVersion = "Xcode 3.2";
			developmentRegion = English;
			hasScannedForEncodings = 0;
			knownRegions = (
				en,
				Base,
			);
			mainGroup = BD6A82B51EEAB08A00E69CFA;
			productRefGroup = BD6A82BF1EEAB08A00E69CFA /* Products */;
			projectDirPath = "";
			projectRoot = "";
			targets = (
				BD6A82BD1EEAB08A00E69CFA /* YugiohShops */,
				BD6A82D11EEAB08A00E69CFA /* YugiohShopsTests */,
				BD6A82DC1EEAB08A00E69CFA /* YugiohShopsUITests */,
			);
		};
/* End PBXProject section */

/* Begin PBXResourcesBuildPhase section */
		BD6A82BC1EEAB08A00E69CFA /* Resources */ = {
			isa = PBXResourcesBuildPhase;
			buildActionMask = 2147483647;
			files = (
				BDA65DE71F2CB1FB00CAE619 /* ysn.jpg in Resources */,
				BD6A82CC1EEAB08A00E69CFA /* LaunchScreen.storyboard in Resources */,
				BD2CD3271F215C05005B57CF /* chibalabo.jpg in Resources */,
				BDA65DED1F2CB32000CAE619 /* doukutu.jpeg in Resources */,
				BDA65DEB1F2CB1FB00CAE619 /* bgn.jpeg in Resources */,
				BD6A82C91EEAB08A00E69CFA /* Assets.xcassets in Resources */,
				BDA65DE41F2CB1FB00CAE619 /* ln.jpeg in Resources */,
				BDA65DE51F2CB1FB00CAE619 /* ln2.jpg in Resources */,
				BDA65DEF1F2CB32600CAE619 /* ltd.jpeg in Resources */,
				BDA65DE81F2CB1FB00CAE619 /* ysn3.jpeg in Resources */,
				BD2CD3251F215BFF005B57CF /* sisukan.jpeg in Resources */,
				BDAC4FFB1F31DDB6001560D0 /* GoogleService-Info.plist in Resources */,
				BD6A82C71EEAB08A00E69CFA /* Main.storyboard in Resources */,
				BDA65DEA1F2CB1FB00CAE619 /* da.jpeg in Resources */,
				BD43DD431EEFF68400EF703B /* spiral.jpeg in Resources */,
				BD43DD491EF0D58B00EF703B /* chibakan.jpeg in Resources */,
				BD43DD411EEFF5AC00EF703B /* cardrush.jpg in Resources */,
				BDA65DE61F2CB1FB00CAE619 /* toreja.jpeg in Resources */,
				BDA65DE91F2CB1FB00CAE619 /* karuto.jpeg in Resources */,
			);
			runOnlyForDeploymentPostprocessing = 0;
		};
		BD6A82D01EEAB08A00E69CFA /* Resources */ = {
			isa = PBXResourcesBuildPhase;
			buildActionMask = 2147483647;
			files = (
			);
			runOnlyForDeploymentPostprocessing = 0;
		};
		BD6A82DB1EEAB08A00E69CFA /* Resources */ = {
			isa = PBXResourcesBuildPhase;
			buildActionMask = 2147483647;
			files = (
			);
			runOnlyForDeploymentPostprocessing = 0;
		};
/* End PBXResourcesBuildPhase section */

/* Begin PBXShellScriptBuildPhase section */
		875CC90382FD3D75FF74C27A /* [CP] Embed Pods Frameworks */ = {
			isa = PBXShellScriptBuildPhase;
			buildActionMask = 2147483647;
			files = (
			);
			inputPaths = (
			);
			name = "[CP] Embed Pods Frameworks";
			outputPaths = (
			);
			runOnlyForDeploymentPostprocessing = 0;
			shellPath = /bin/sh;
			shellScript = "\"${SRCROOT}/Pods/Target Support Files/Pods-YugiohShops/Pods-YugiohShops-frameworks.sh\"\n";
			showEnvVarsInLog = 0;
		};
		D14CDFEA665BE8BBB3175F90 /* [CP] Check Pods Manifest.lock */ = {
			isa = PBXShellScriptBuildPhase;
			buildActionMask = 12;
			files = (
			);
			inputPaths = (
			);
			name = "[CP] Check Pods Manifest.lock";
			outputPaths = (
			);
			runOnlyForDeploymentPostprocessing = 0;
			shellPath = /bin/sh;
			shellScript = "diff \"${PODS_PODFILE_DIR_PATH}/Podfile.lock\" \"${PODS_ROOT}/Manifest.lock\" > /dev/null\nif [ $? != 0 ] ; then\n    # print error to STDERR\n    echo \"error: The sandbox is not in sync with the Podfile.lock. Run 'pod install' or update your CocoaPods installation.\" >&2\n    exit 1\nfi\n";
			showEnvVarsInLog = 0;
		};
		F7F0C3A2EC9871B2DFFED8EC /* [CP] Copy Pods Resources */ = {
			isa = PBXShellScriptBuildPhase;
			buildActionMask = 2147483647;
			files = (
			);
			inputPaths = (
			);
			name = "[CP] Copy Pods Resources";
			outputPaths = (
			);
			runOnlyForDeploymentPostprocessing = 0;
			shellPath = /bin/sh;
			shellScript = "\"${SRCROOT}/Pods/Target Support Files/Pods-YugiohShops/Pods-YugiohShops-resources.sh\"\n";
			showEnvVarsInLog = 0;
		};
/* End PBXShellScriptBuildPhase section */

/* Begin PBXSourcesBuildPhase section */
		BD6A82BA1EEAB08A00E69CFA /* Sources */ = {
			isa = PBXSourcesBuildPhase;
			buildActionMask = 2147483647;
			files = (
				BD6A82C41EEAB08A00E69CFA /* ViewController.swift in Sources */,
				BD6A82C21EEAB08A00E69CFA /* AppDelegate.swift in Sources */,
				BDC53B811F16950800827453 /* Detail.swift in Sources */,
				BD0A1EB51F51CEBA00D319A4 /* Login.swift in Sources */,
				BD93F5881F38B61200264AAC /* ImportData.swift in Sources */,
				BD67EFC81F4B492A00541106 /* sendReview.swift in Sources */,
				BD4EDD321F5BD86B0063C24B /* registration.swift in Sources */,
			);
			runOnlyForDeploymentPostprocessing = 0;
		};
		BD6A82CE1EEAB08A00E69CFA /* Sources */ = {
			isa = PBXSourcesBuildPhase;
			buildActionMask = 2147483647;
			files = (
				BD6A82D71EEAB08A00E69CFA /* YugiohMapTests.swift in Sources */,
			);
			runOnlyForDeploymentPostprocessing = 0;
		};
		BD6A82D91EEAB08A00E69CFA /* Sources */ = {
			isa = PBXSourcesBuildPhase;
			buildActionMask = 2147483647;
			files = (
				BD6A82E21EEAB08A00E69CFA /* YugiohMapUITests.swift in Sources */,
			);
			runOnlyForDeploymentPostprocessing = 0;
		};
/* End PBXSourcesBuildPhase section */

/* Begin PBXTargetDependency section */
		BD6A82D41EEAB08A00E69CFA /* PBXTargetDependency */ = {
			isa = PBXTargetDependency;
			target = BD6A82BD1EEAB08A00E69CFA /* YugiohShops */;
			targetProxy = BD6A82D31EEAB08A00E69CFA /* PBXContainerItemProxy */;
		};
		BD6A82DF1EEAB08A00E69CFA /* PBXTargetDependency */ = {
			isa = PBXTargetDependency;
			target = BD6A82BD1EEAB08A00E69CFA /* YugiohShops */;
			targetProxy = BD6A82DE1EEAB08A00E69CFA /* PBXContainerItemProxy */;
		};
/* End PBXTargetDependency section */

/* Begin PBXVariantGroup section */
		BD6A82C51EEAB08A00E69CFA /* Main.storyboard */ = {
			isa = PBXVariantGroup;
			children = (
				BD6A82C61EEAB08A00E69CFA /* Base */,
			);
			name = Main.storyboard;
			sourceTree = "<group>";
		};
		BD6A82CA1EEAB08A00E69CFA /* LaunchScreen.storyboard */ = {
			isa = PBXVariantGroup;
			children = (
				BD6A82CB1EEAB08A00E69CFA /* Base */,
			);
			name = LaunchScreen.storyboard;
			sourceTree = "<group>";
		};
/* End PBXVariantGroup section */

/* Begin XCBuildConfiguration section */
		BD6A82E41EEAB08A00E69CFA /* Debug */ = {
			isa = XCBuildConfiguration;
			buildSettings = {
				ALWAYS_SEARCH_USER_PATHS = NO;
				CLANG_ANALYZER_NONNULL = YES;
				CLANG_ANALYZER_NUMBER_OBJECT_CONVERSION = YES_AGGRESSIVE;
				CLANG_CXX_LANGUAGE_STANDARD = "gnu++0x";
				CLANG_CXX_LIBRARY = "libc++";
				CLANG_ENABLE_MODULES = YES;
				CLANG_ENABLE_OBJC_ARC = YES;
				CLANG_WARN_BOOL_CONVERSION = YES;
				CLANG_WARN_CONSTANT_CONVERSION = YES;
				CLANG_WARN_DIRECT_OBJC_ISA_USAGE = YES_ERROR;
				CLANG_WARN_DOCUMENTATION_COMMENTS = YES;
				CLANG_WARN_EMPTY_BODY = YES;
				CLANG_WARN_ENUM_CONVERSION = YES;
				CLANG_WARN_INFINITE_RECURSION = YES;
				CLANG_WARN_INT_CONVERSION = YES;
				CLANG_WARN_OBJC_ROOT_CLASS = YES_ERROR;
				CLANG_WARN_SUSPICIOUS_MOVE = YES;
				CLANG_WARN_UNREACHABLE_CODE = YES;
				CLANG_WARN__DUPLICATE_METHOD_MATCH = YES;
				"CODE_SIGN_IDENTITY[sdk=iphoneos*]" = "iPhone Developer";
				COPY_PHASE_STRIP = NO;
				DEBUG_INFORMATION_FORMAT = dwarf;
				ENABLE_STRICT_OBJC_MSGSEND = YES;
				ENABLE_TESTABILITY = YES;
				GCC_C_LANGUAGE_STANDARD = gnu99;
				GCC_DYNAMIC_NO_PIC = NO;
				GCC_NO_COMMON_BLOCKS = YES;
				GCC_OPTIMIZATION_LEVEL = 0;
				GCC_PREPROCESSOR_DEFINITIONS = (
					"DEBUG=1",
					"$(inherited)",
				);
				GCC_WARN_64_TO_32_BIT_CONVERSION = YES;
				GCC_WARN_ABOUT_RETURN_TYPE = YES_ERROR;
				GCC_WARN_UNDECLARED_SELECTOR = YES;
				GCC_WARN_UNINITIALIZED_AUTOS = YES_AGGRESSIVE;
				GCC_WARN_UNUSED_FUNCTION = YES;
				GCC_WARN_UNUSED_VARIABLE = YES;
				IPHONEOS_DEPLOYMENT_TARGET = 10.3;
				MTL_ENABLE_DEBUG_INFO = YES;
				ONLY_ACTIVE_ARCH = YES;
				SDKROOT = iphoneos;
				SWIFT_ACTIVE_COMPILATION_CONDITIONS = DEBUG;
				SWIFT_OPTIMIZATION_LEVEL = "-Onone";
			};
			name = Debug;
		};
		BD6A82E51EEAB08A00E69CFA /* Release */ = {
			isa = XCBuildConfiguration;
			buildSettings = {
				ALWAYS_SEARCH_USER_PATHS = NO;
				CLANG_ANALYZER_NONNULL = YES;
				CLANG_ANALYZER_NUMBER_OBJECT_CONVERSION = YES_AGGRESSIVE;
				CLANG_CXX_LANGUAGE_STANDARD = "gnu++0x";
				CLANG_CXX_LIBRARY = "libc++";
				CLANG_ENABLE_MODULES = YES;
				CLANG_ENABLE_OBJC_ARC = YES;
				CLANG_WARN_BOOL_CONVERSION = YES;
				CLANG_WARN_CONSTANT_CONVERSION = YES;
				CLANG_WARN_DIRECT_OBJC_ISA_USAGE = YES_ERROR;
				CLANG_WARN_DOCUMENTATION_COMMENTS = YES;
				CLANG_WARN_EMPTY_BODY = YES;
				CLANG_WARN_ENUM_CONVERSION = YES;
				CLANG_WARN_INFINITE_RECURSION = YES;
				CLANG_WARN_INT_CONVERSION = YES;
				CLANG_WARN_OBJC_ROOT_CLASS = YES_ERROR;
				CLANG_WARN_SUSPICIOUS_MOVE = YES;
				CLANG_WARN_UNREACHABLE_CODE = YES;
				CLANG_WARN__DUPLICATE_METHOD_MATCH = YES;
				"CODE_SIGN_IDENTITY[sdk=iphoneos*]" = "iPhone Developer";
				COPY_PHASE_STRIP = NO;
				DEBUG_INFORMATION_FORMAT = "dwarf-with-dsym";
				ENABLE_NS_ASSERTIONS = NO;
				ENABLE_STRICT_OBJC_MSGSEND = YES;
				GCC_C_LANGUAGE_STANDARD = gnu99;
				GCC_NO_COMMON_BLOCKS = YES;
				GCC_WARN_64_TO_32_BIT_CONVERSION = YES;
				GCC_WARN_ABOUT_RETURN_TYPE = YES_ERROR;
				GCC_WARN_UNDECLARED_SELECTOR = YES;
				GCC_WARN_UNINITIALIZED_AUTOS = YES_AGGRESSIVE;
				GCC_WARN_UNUSED_FUNCTION = YES;
				GCC_WARN_UNUSED_VARIABLE = YES;
				IPHONEOS_DEPLOYMENT_TARGET = 10.3;
				MTL_ENABLE_DEBUG_INFO = NO;
				SDKROOT = iphoneos;
				SWIFT_OPTIMIZATION_LEVEL = "-Owholemodule";
				VALIDATE_PRODUCT = YES;
			};
			name = Release;
		};
		BD6A82E71EEAB08A00E69CFA /* Debug */ = {
			isa = XCBuildConfiguration;
			baseConfigurationReference = 8EE82E06079588A115F22B99 /* Pods-YugiohShops.debug.xcconfig */;
			buildSettings = {
				ASSETCATALOG_COMPILER_APPICON_NAME = AppIcon;
				DEVELOPMENT_TEAM = V5B67AWSPA;
				ENABLE_BITCODE = NO;
				FRAMEWORK_SEARCH_PATHS = (
					"$(inherited)",
					"$(PROJECT_DIR)/YugiohMap",
					"$(PROJECT_DIR)/build/Debug-iphoneos/GoogleToolboxForMac",
					"$(PROJECT_DIR)/build/Debug-iphoneos/nanopb",
					"$(PROJECT_DIR)/build/Debug-iphoneos",
				);
				INFOPLIST_FILE = YugiohMap/Info.plist;
				LD_RUNPATH_SEARCH_PATHS = "$(inherited) @executable_path/Frameworks";
				PRODUCT_BUNDLE_IDENTIFIER = "Syunya-Toyofuku.YugiohShops";
				PRODUCT_NAME = "$(TARGET_NAME)";
				SWIFT_VERSION = 3.0;
			};
			name = Debug;
		};
		BD6A82E81EEAB08A00E69CFA /* Release */ = {
			isa = XCBuildConfiguration;
			baseConfigurationReference = 01A43D111BC309CBD13DECC6 /* Pods-YugiohShops.release.xcconfig */;
			buildSettings = {
				ASSETCATALOG_COMPILER_APPICON_NAME = AppIcon;
				DEVELOPMENT_TEAM = V5B67AWSPA;
				ENABLE_BITCODE = NO;
				FRAMEWORK_SEARCH_PATHS = (
					"$(inherited)",
					"$(PROJECT_DIR)/YugiohMap",
					"$(PROJECT_DIR)/build/Debug-iphoneos/GoogleToolboxForMac",
					"$(PROJECT_DIR)/build/Debug-iphoneos/nanopb",
					"$(PROJECT_DIR)/build/Debug-iphoneos",
				);
				INFOPLIST_FILE = YugiohMap/Info.plist;
				LD_RUNPATH_SEARCH_PATHS = "$(inherited) @executable_path/Frameworks";
				PRODUCT_BUNDLE_IDENTIFIER = "Syunya-Toyofuku.YugiohShops";
				PRODUCT_NAME = "$(TARGET_NAME)";
				SWIFT_VERSION = 3.0;
			};
			name = Release;
		};
		BD6A82EA1EEAB08A00E69CFA /* Debug */ = {
			isa = XCBuildConfiguration;
			buildSettings = {
				ALWAYS_EMBED_SWIFT_STANDARD_LIBRARIES = YES;
				BUNDLE_LOADER = "$(TEST_HOST)";
				DEVELOPMENT_TEAM = V5B67AWSPA;
				INFOPLIST_FILE = YugiohMapTests/Info.plist;
				LD_RUNPATH_SEARCH_PATHS = "$(inherited) @executable_path/Frameworks @loader_path/Frameworks";
				PRODUCT_BUNDLE_IDENTIFIER = "Syunya-Toyofuku.YugiohMapTests";
				PRODUCT_NAME = "$(TARGET_NAME)";
				SWIFT_VERSION = 3.0;
				TEST_HOST = "$(BUILT_PRODUCTS_DIR)/YugiohShops.app/YugiohShops";
			};
			name = Debug;
		};
		BD6A82EB1EEAB08A00E69CFA /* Release */ = {
			isa = XCBuildConfiguration;
			buildSettings = {
				ALWAYS_EMBED_SWIFT_STANDARD_LIBRARIES = YES;
				BUNDLE_LOADER = "$(TEST_HOST)";
				DEVELOPMENT_TEAM = V5B67AWSPA;
				INFOPLIST_FILE = YugiohMapTests/Info.plist;
				LD_RUNPATH_SEARCH_PATHS = "$(inherited) @executable_path/Frameworks @loader_path/Frameworks";
				PRODUCT_BUNDLE_IDENTIFIER = "Syunya-Toyofuku.YugiohMapTests";
				PRODUCT_NAME = "$(TARGET_NAME)";
				SWIFT_VERSION = 3.0;
				TEST_HOST = "$(BUILT_PRODUCTS_DIR)/YugiohShops.app/YugiohShops";
			};
			name = Release;
		};
		BD6A82ED1EEAB08A00E69CFA /* Debug */ = {
			isa = XCBuildConfiguration;
			buildSettings = {
				ALWAYS_EMBED_SWIFT_STANDARD_LIBRARIES = YES;
				DEVELOPMENT_TEAM = V5B67AWSPA;
				INFOPLIST_FILE = YugiohMapUITests/Info.plist;
				LD_RUNPATH_SEARCH_PATHS = "$(inherited) @executable_path/Frameworks @loader_path/Frameworks";
				PRODUCT_BUNDLE_IDENTIFIER = "Syunya-Toyofuku.YugiohMapUITests";
				PRODUCT_NAME = "$(TARGET_NAME)";
				SWIFT_VERSION = 3.0;
				TEST_TARGET_NAME = YugiohMap;
			};
			name = Debug;
		};
		BD6A82EE1EEAB08A00E69CFA /* Release */ = {
			isa = XCBuildConfiguration;
			buildSettings = {
				ALWAYS_EMBED_SWIFT_STANDARD_LIBRARIES = YES;
				DEVELOPMENT_TEAM = V5B67AWSPA;
				INFOPLIST_FILE = YugiohMapUITests/Info.plist;
				LD_RUNPATH_SEARCH_PATHS = "$(inherited) @executable_path/Frameworks @loader_path/Frameworks";
				PRODUCT_BUNDLE_IDENTIFIER = "Syunya-Toyofuku.YugiohMapUITests";
				PRODUCT_NAME = "$(TARGET_NAME)";
				SWIFT_VERSION = 3.0;
				TEST_TARGET_NAME = YugiohMap;
			};
			name = Release;
		};
/* End XCBuildConfiguration section */

/* Begin XCConfigurationList section */
		BD6A82B91EEAB08A00E69CFA /* Build configuration list for PBXProject "YugiohShops" */ = {
			isa = XCConfigurationList;
			buildConfigurations = (
				BD6A82E41EEAB08A00E69CFA /* Debug */,
				BD6A82E51EEAB08A00E69CFA /* Release */,
			);
			defaultConfigurationIsVisible = 0;
			defaultConfigurationName = Release;
		};
		BD6A82E61EEAB08A00E69CFA /* Build configuration list for PBXNativeTarget "YugiohShops" */ = {
			isa = XCConfigurationList;
			buildConfigurations = (
				BD6A82E71EEAB08A00E69CFA /* Debug */,
				BD6A82E81EEAB08A00E69CFA /* Release */,
			);
			defaultConfigurationIsVisible = 0;
			defaultConfigurationName = Release;
		};
		BD6A82E91EEAB08A00E69CFA /* Build configuration list for PBXNativeTarget "YugiohShopsTests" */ = {
			isa = XCConfigurationList;
			buildConfigurations = (
				BD6A82EA1EEAB08A00E69CFA /* Debug */,
				BD6A82EB1EEAB08A00E69CFA /* Release */,
			);
			defaultConfigurationIsVisible = 0;
			defaultConfigurationName = Release;
		};
		BD6A82EC1EEAB08A00E69CFA /* Build configuration list for PBXNativeTarget "YugiohShopsUITests" */ = {
			isa = XCConfigurationList;
			buildConfigurations = (
				BD6A82ED1EEAB08A00E69CFA /* Debug */,
				BD6A82EE1EEAB08A00E69CFA /* Release */,
			);
			defaultConfigurationIsVisible = 0;
			defaultConfigurationName = Release;
		};
/* End XCConfigurationList section */
	};
	rootObject = BD6A82B61EEAB08A00E69CFA /* Project object */;
}
